
Microsoft Visual Studio Solution File, Format Version 12.00
# Visual Studio Version 17
VisualStudioVersion = 17.9.34728.123
MinimumVisualStudioVersion = 10.0.40219.1
Project("{9A19103F-16F7-4668-BE54-9A1E7A4F7556}") = "Program", "Program.csproj", "{9C45520C-7786-4944-AFD2-E2429781F5DC}"
EndProject
Project("{9A19103F-16F7-4668-BE54-9A1E7A4F7556}") = "Class1th (Single Linked List)", "..\Class1th (Single Linked List)\Class1th (Single Linked List).csproj", "{A0D85B72-C03D-4483-A770-50FF82C382AC}"
EndProject
Project("{9A19103F-16F7-4668-BE54-9A1E7A4F7556}") = "Class2th (Double Linked List)", "..\Class2th (Double Linked List)\Class2th (Double Linked List).csproj", "{663F1B11-AAFE-4B0D-9423-A375B5A650DD}"
EndProject
Project("{9A19103F-16F7-4668-BE54-9A1E7A4F7556}") = "Class3th (Circle Linked List)", "..\Class3th (Circle Linked List)\Class3th (Circle Linked List).csproj", "{0A53CF8E-3830-42AF-965D-941A712F74BD}"
EndProject
Project("{9A19103F-16F7-4668-BE54-9A1E7A4F7556}") = "Class4th (Stack)", "..\Class4th (Stack)\Class4th (Stack).csproj", "{AF237424-A9DD-4413-9115-82256B776C9C}"
EndProject
Project("{9A19103F-16F7-4668-BE54-9A1E7A4F7556}") = "Class5th (Linear Queue)", "..\Class5th (Linear Queue)\Class5th (Linear Queue).csproj", "{0B967B0C-FDB3-4645-ABD8-05F7214BD2E6}"
EndProject
Project("{9A19103F-16F7-4668-BE54-9A1E7A4F7556}") = "Class6th (Circle Queue)", "..\Class6th (Circle Queue)\Class6th (Circle Queue).csproj", "{AC8272FC-EA05-417D-9AA0-CDADFB668711}"
EndProject
Project("{FAE04EC0-301F-11D3-BF4B-00C04F79EFBC}") = "Class7th (Vector)", "..\Class7th (Vector)\Class7th (Vector).csproj", "{BE82A48D-BD28-480E-AD5F-B48230144D9D}"
EndProject
Project("{FAE04EC0-301F-11D3-BF4B-00C04F79EFBC}") = "Class8th (String)", "..\Class8th (String)\Class8th (String).csproj", "{C2EBFE97-127E-45BA-8AB2-A04AA994DA1F}"
EndProject
Global
	GlobalSection(SolutionConfigurationPlatforms) = preSolution
		Debug|Any CPU = Debug|Any CPU
		Release|Any CPU = Release|Any CPU
	EndGlobalSection
	GlobalSection(ProjectConfigurationPlatforms) = postSolution
		{9C45520C-7786-4944-AFD2-E2429781F5DC}.Debug|Any CPU.ActiveCfg = Debug|Any CPU
		{9C45520C-7786-4944-AFD2-E2429781F5DC}.Debug|Any CPU.Build.0 = Debug|Any CPU
		{9C45520C-7786-4944-AFD2-E2429781F5DC}.Release|Any CPU.ActiveCfg = Release|Any CPU
		{9C45520C-7786-4944-AFD2-E2429781F5DC}.Release|Any CPU.Build.0 = Release|Any CPU
		{A0D85B72-C03D-4483-A770-50FF82C382AC}.Debug|Any CPU.ActiveCfg = Debug|Any CPU
		{A0D85B72-C03D-4483-A770-50FF82C382AC}.Debug|Any CPU.Build.0 = Debug|Any CPU
		{A0D85B72-C03D-4483-A770-50FF82C382AC}.Release|Any CPU.ActiveCfg = Release|Any CPU
		{A0D85B72-C03D-4483-A770-50FF82C382AC}.Release|Any CPU.Build.0 = Release|Any CPU
		{663F1B11-AAFE-4B0D-9423-A375B5A650DD}.Debug|Any CPU.ActiveCfg = Debug|Any CPU
		{663F1B11-AAFE-4B0D-9423-A375B5A650DD}.Debug|Any CPU.Build.0 = Debug|Any CPU
		{663F1B11-AAFE-4B0D-9423-A375B5A650DD}.Release|Any CPU.ActiveCfg = Release|Any CPU
		{663F1B11-AAFE-4B0D-9423-A375B5A650DD}.Release|Any CPU.Build.0 = Release|Any CPU
		{0A53CF8E-3830-42AF-965D-941A712F74BD}.Debug|Any CPU.ActiveCfg = Debug|Any CPU
		{0A53CF8E-3830-42AF-965D-941A712F74BD}.Debug|Any CPU.Build.0 = Debug|Any CPU
		{0A53CF8E-3830-42AF-965D-941A712F74BD}.Release|Any CPU.ActiveCfg = Release|Any CPU
		{0A53CF8E-3830-42AF-965D-941A712F74BD}.Release|Any CPU.Build.0 = Release|Any CPU
		{AF237424-A9DD-4413-9115-82256B776C9C}.Debug|Any CPU.ActiveCfg = Debug|Any CPU
		{AF237424-A9DD-4413-9115-82256B776C9C}.Debug|Any CPU.Build.0 = Debug|Any CPU
		{AF237424-A9DD-4413-9115-82256B776C9C}.Release|Any CPU.ActiveCfg = Release|Any CPU
		{AF237424-A9DD-4413-9115-82256B776C9C}.Release|Any CPU.Build.0 = Release|Any CPU
		{0B967B0C-FDB3-4645-ABD8-05F7214BD2E6}.Debug|Any CPU.ActiveCfg = Debug|Any CPU
		{0B967B0C-FDB3-4645-ABD8-05F7214BD2E6}.Debug|Any CPU.Build.0 = Debug|Any CPU
		{0B967B0C-FDB3-4645-ABD8-05F7214BD2E6}.Release|Any CPU.ActiveCfg = Release|Any CPU
		{0B967B0C-FDB3-4645-ABD8-05F7214BD2E6}.Release|Any CPU.Build.0 = Release|Any CPU
		{AC8272FC-EA05-417D-9AA0-CDADFB668711}.Debug|Any CPU.ActiveCfg = Debug|Any CPU
		{AC8272FC-EA05-417D-9AA0-CDADFB668711}.Debug|Any CPU.Build.0 = Debug|Any CPU
		{AC8272FC-EA05-417D-9AA0-CDADFB668711}.Release|Any CPU.ActiveCfg = Release|Any CPU
		{AC8272FC-EA05-417D-9AA0-CDADFB668711}.Release|Any CPU.Build.0 = Release|Any CPU
		{BE82A48D-BD28-480E-AD5F-B48230144D9D}.Debug|Any CPU.ActiveCfg = Debug|Any CPU
		{BE82A48D-BD28-480E-AD5F-B48230144D9D}.Debug|Any CPU.Build.0 = Debug|Any CPU
		{BE82A48D-BD28-480E-AD5F-B48230144D9D}.Release|Any CPU.ActiveCfg = Release|Any CPU
		{BE82A48D-BD28-480E-AD5F-B48230144D9D}.Release|Any CPU.Build.0 = Release|Any CPU
		{C2EBFE97-127E-45BA-8AB2-A04AA994DA1F}.Debug|Any CPU.ActiveCfg = Debug|Any CPU
		{C2EBFE97-127E-45BA-8AB2-A04AA994DA1F}.Debug|Any CPU.Build.0 = Debug|Any CPU
		{C2EBFE97-127E-45BA-8AB2-A04AA994DA1F}.Release|Any CPU.ActiveCfg = Release|Any CPU
		{C2EBFE97-127E-45BA-8AB2-A04AA994DA1F}.Release|Any CPU.Build.0 = Release|Any CPU
	EndGlobalSection
	GlobalSection(SolutionProperties) = preSolution
		HideSolutionNode = FALSE
	EndGlobalSection
	GlobalSection(ExtensibilityGlobals) = postSolution
		SolutionGuid = {AACA3806-1BAA-4DBD-8234-B4A89CA493B4}
	EndGlobalSection
EndGlobal
